
Microsoft Visual Studio Solution File, Format Version 12.00
# Visual Studio 2012
Project("{CC5FD16D-436D-48AD-A40C-5A424C6E3E79}") = "MobileCloudLocationBasedServices", "MobileCloudLocationBasedServices\MobileCloudLocationBasedServices.ccproj", "{24F40B08-55B3-4A4F-A2DD-88D4660687CC}"
EndProject
Project("{FAE04EC0-301F-11D3-BF4B-00C04F79EFBC}") = "WCFServiceWebRole1", "WCFServiceWebRole1\WCFServiceWebRole1.csproj", "{6C583A9E-B307-44CD-9379-A6355E686982}"
EndProject
Global
	GlobalSection(SolutionConfigurationPlatforms) = preSolution
		Debug|Any CPU = Debug|Any CPU
		Release|Any CPU = Release|Any CPU
	EndGlobalSection
	GlobalSection(ProjectConfigurationPlatforms) = postSolution
		{24F40B08-55B3-4A4F-A2DD-88D4660687CC}.Debug|Any CPU.ActiveCfg = Debug|Any CPU
		{24F40B08-55B3-4A4F-A2DD-88D4660687CC}.Debug|Any CPU.Build.0 = Debug|Any CPU
		{24F40B08-55B3-4A4F-A2DD-88D4660687CC}.Release|Any CPU.ActiveCfg = Release|Any CPU
		{24F40B08-55B3-4A4F-A2DD-88D4660687CC}.Release|Any CPU.Build.0 = Release|Any CPU
		{6C583A9E-B307-44CD-9379-A6355E686982}.Debug|Any CPU.ActiveCfg = Debug|Any CPU
		{6C583A9E-B307-44CD-9379-A6355E686982}.Debug|Any CPU.Build.0 = Debug|Any CPU
		{6C583A9E-B307-44CD-9379-A6355E686982}.Release|Any CPU.ActiveCfg = Release|Any CPU
		{6C583A9E-B307-44CD-9379-A6355E686982}.Release|Any CPU.Build.0 = Release|Any CPU
	EndGlobalSection
	GlobalSection(SolutionProperties) = preSolution
		HideSolutionNode = FALSE
	EndGlobalSection
EndGlobal
